
Microsoft Visual Studio Solution File, Format Version 12.00
# Visual Studio Version 16
VisualStudioVersion = 16.0.30907.101
MinimumVisualStudioVersion = 10.0.40219.1
Project("{FAE04EC0-301F-11D3-BF4B-00C04F79EFBC}") = "BlueSport", "BlueSport\BlueSport.csproj", "{29A10E01-4DED-4469-8F47-E6364390413E}"
EndProject
Global
	GlobalSection(SolutionConfigurationPlatforms) = preSolution
		Debug|Any CPU = Debug|Any CPU
		Release|Any CPU = Release|Any CPU
	EndGlobalSection
	GlobalSection(ProjectConfigurationPlatforms) = postSolution
		{29A10E01-4DED-4469-8F47-E6364390413E}.Debug|Any CPU.ActiveCfg = Debug|Any CPU
		{29A10E01-4DED-4469-8F47-E6364390413E}.Debug|Any CPU.Build.0 = Debug|Any CPU
		{29A10E01-4DED-4469-8F47-E6364390413E}.Release|Any CPU.ActiveCfg = Release|Any CPU
		{29A10E01-4DED-4469-8F47-E6364390413E}.Release|Any CPU.Build.0 = Release|Any CPU
	EndGlobalSection
	GlobalSection(SolutionProperties) = preSolution
		HideSolutionNode = FALSE
	EndGlobalSection
	GlobalSection(ExtensibilityGlobals) = postSolution
		SolutionGuid = {F1D828EA-8DA1-41A8-A824-143C40042CA4}
	EndGlobalSection
EndGlobal
